{
    "_meta": {
        "hash": {
            "sha256": "311ed598c2592c9c9c3b812140d8090ff28e4395d64127afdb675b5874debc41"
        },
        "pipfile-spec": 6,
        "requires": {
            "python_version": "3"
        },
        "sources": [
            {
                "name": "pypi",
                "url": "https://pypi.org/simple",
                "verify_ssl": true
            }
        ]
    },
    "default": {
        "asgiref": {
            "hashes": [
                "sha256:3e1e3ecc849832fe52ccf2cb6686b7a55f82bb1d6aee72a58826471390335e47",
                "sha256:c343bd80a0bec947a9860adb4c432ffa7db769836c64238fc34bdc3fec84d590"
            ],
            "markers": "python_version >= '3.8'",
            "version": "==3.8.1"
        },
        "django": {
            "hashes": [
                "sha256:236e023f021f5ce7dee5779de7b286565fdea5f4ab86bae5338e3f7b69896cf0",
                "sha256:de450c09e91879fa5a307f696e57c851955c910a438a35e6b4c895e86bedc82a"
            ],
            "index": "pypi",
            "markers": "python_version >= '3.10'",
            "version": "==5.1.4"
        },
        "sqlparse": {
            "hashes": [
                "sha256:09f67787f56a0b16ecdbde1bfc7f5d9c3371ca683cfeaa8e6ff60b4807ec9272",
                "sha256:cf2196ed3418f3ba5de6af7e82c694a9fbdbfecccdfc72e281548517081f16ca"
            ],
            "markers": "python_version >= '3.8'",
            "version": "==0.5.3"
        }
    },
    "develop": {
        "asgiref": {
            "hashes": [
                "sha256:3e1e3ecc849832fe52ccf2cb6686b7a55f82bb1d6aee72a58826471390335e47",
                "sha256:c343bd80a0bec947a9860adb4c432ffa7db769836c64238fc34bdc3fec84d590"
            ],
            "markers": "python_version >= '3.8'",
            "version": "==3.8.1"
        },
        "black": {
            "hashes": [
                "sha256:14b3502784f09ce2443830e3133dacf2c0110d45191ed470ecb04d0f5f6fcb0f",
                "sha256:17374989640fbca88b6a448129cd1745c5eb8d9547b464f281b251dd00155ccd",
                "sha256:1c536fcf674217e87b8cc3657b81809d3c085d7bf3ef262ead700da345bfa6ea",
                "sha256:1cbacacb19e922a1d75ef2b6ccaefcd6e93a2c05ede32f06a21386a04cedb981",
                "sha256:1f93102e0c5bb3907451063e08b9876dbeac810e7da5a8bfb7aeb5a9ef89066b",
                "sha256:2cd9c95431d94adc56600710f8813ee27eea544dd118d45896bb734e9d7a0dc7",
                "sha256:30d2c30dc5139211dda799758559d1b049f7f14c580c409d6ad925b74a4208a8",
                "sha256:394d4ddc64782e51153eadcaaca95144ac4c35e27ef9b0a42e121ae7e57a9175",
                "sha256:3bb2b7a1f7b685f85b11fed1ef10f8a9148bceb49853e47a294a3dd963c1dd7d",
                "sha256:4007b1393d902b48b36958a216c20c4482f601569d19ed1df294a496eb366392",
                "sha256:5a2221696a8224e335c28816a9d331a6c2ae15a2ee34ec857dcf3e45dbfa99ad",
                "sha256:63f626344343083322233f175aaf372d326de8436f5928c042639a4afbbf1d3f",
                "sha256:649fff99a20bd06c6f727d2a27f401331dc0cc861fb69cde910fe95b01b5928f",
                "sha256:680359d932801c76d2e9c9068d05c6b107f2584b2a5b88831c83962eb9984c1b",
                "sha256:846ea64c97afe3bc677b761787993be4991810ecc7a4a937816dd6bddedc4875",
                "sha256:b5e39e0fae001df40f95bd8cc36b9165c5e2ea88900167bddf258bacef9bbdc3",
                "sha256:ccfa1d0cb6200857f1923b602f978386a3a2758a65b52e0950299ea014be6800",
                "sha256:d37d422772111794b26757c5b55a3eade028aa3fde43121ab7b673d050949d65",
                "sha256:ddacb691cdcdf77b96f549cf9591701d8db36b2f19519373d60d31746068dbf2",
                "sha256:e6668650ea4b685440857138e5fe40cde4d652633b1bdffc62933d0db4ed9812",
                "sha256:f9da3333530dbcecc1be13e69c250ed8dfa67f43c4005fb537bb426e19200d50",
                "sha256:fe4d6476887de70546212c99ac9bd803d90b42fc4767f058a0baa895013fbb3e"
            ],
            "index": "pypi",
            "markers": "python_version >= '3.9'",
            "version": "==24.10.0"
        },
        "click": {
            "hashes": [
                "sha256:63c132bbbed01578a06712a2d1f497bb62d9c1c0d329b7903a866228027263b2",
                "sha256:ed53c9d8990d83c2a27deae68e4ee337473f6330c040a31d4225c9574d16096a"
            ],
            "markers": "python_version >= '3.7'",
            "version": "==8.1.8"
        },
        "colorama": {
            "hashes": [
                "sha256:08695f5cb7ed6e0531a20572697297273c47b8cae5a63ffc6d6ed5c201be6e44",
                "sha256:4f1d9991f5acc0ca119f9d443620b77f9d6b33703e51011c16baf57afb285fc6"
            ],
            "markers": "python_version >= '2.7' and python_version not in '3.0, 3.1, 3.2, 3.3, 3.4, 3.5, 3.6'",
            "version": "==0.4.6"
        },
        "coverage": {
            "hashes": [
                "sha256:0824a28ec542a0be22f60c6ac36d679e0e262e5353203bea81d44ee81fe9c6d4",
                "sha256:085161be5f3b30fd9b3e7b9a8c301f935c8313dcf928a07b116324abea2c1c2c",
                "sha256:0ae1387db4aecb1f485fb70a6c0148c6cdaebb6038f1d40089b1fc84a5db556f",
                "sha256:0d59fd927b1f04de57a2ba0137166d31c1a6dd9e764ad4af552912d70428c92b",
                "sha256:0f957943bc718b87144ecaee70762bc2bc3f1a7a53c7b861103546d3a403f0a6",
                "sha256:13a9e2d3ee855db3dd6ea1ba5203316a1b1fd8eaeffc37c5b54987e61e4194ae",
                "sha256:1a330812d9cc7ac2182586f6d41b4d0fadf9be9049f350e0efb275c8ee8eb692",
                "sha256:22be16571504c9ccea919fcedb459d5ab20d41172056206eb2994e2ff06118a4",
                "sha256:2d10e07aa2b91835d6abec555ec8b2733347956991901eea6ffac295f83a30e4",
                "sha256:35371f8438028fdccfaf3570b31d98e8d9eda8bb1d6ab9473f5a390969e98717",
                "sha256:3c026eb44f744acaa2bda7493dad903aa5bf5fc4f2554293a798d5606710055d",
                "sha256:41ff7b0da5af71a51b53f501a3bac65fb0ec311ebed1632e58fc6107f03b9198",
                "sha256:4401ae5fc52ad8d26d2a5d8a7428b0f0c72431683f8e63e42e70606374c311a1",
                "sha256:44349150f6811b44b25574839b39ae35291f6496eb795b7366fef3bd3cf112d3",
                "sha256:447af20e25fdbe16f26e84eb714ba21d98868705cb138252d28bc400381f6ffb",
                "sha256:4a8d8977b0c6ef5aeadcb644da9e69ae0dcfe66ec7f368c89c72e058bd71164d",
                "sha256:4e12ae8cc979cf83d258acb5e1f1cf2f3f83524d1564a49d20b8bec14b637f08",
                "sha256:592ac539812e9b46046620341498caf09ca21023c41c893e1eb9dbda00a70cbf",
                "sha256:5e6b86b5847a016d0fbd31ffe1001b63355ed309651851295315031ea7eb5a9b",
                "sha256:608a7fd78c67bee8936378299a6cb9f5149bb80238c7a566fc3e6717a4e68710",
                "sha256:61f70dc68bd36810972e55bbbe83674ea073dd1dcc121040a08cdf3416c5349c",
                "sha256:65dad5a248823a4996724a88eb51d4b31587aa7aa428562dbe459c684e5787ae",
                "sha256:777abfab476cf83b5177b84d7486497e034eb9eaea0d746ce0c1268c71652077",
                "sha256:7e216d8044a356fc0337c7a2a0536d6de07888d7bcda76febcb8adc50bdbbd00",
                "sha256:85d9636f72e8991a1706b2b55b06c27545448baf9f6dbf51c4004609aacd7dcb",
                "sha256:899b8cd4781c400454f2f64f7776a5d87bbd7b3e7f7bda0cb18f857bb1334664",
                "sha256:8a289d23d4c46f1a82d5db4abeb40b9b5be91731ee19a379d15790e53031c014",
                "sha256:8d2dfa71665a29b153a9681edb1c8d9c1ea50dfc2375fb4dac99ea7e21a0bcd9",
                "sha256:8e3c3e38930cfb729cb8137d7f055e5a473ddaf1217966aa6238c88bd9fd50e6",
                "sha256:8f8770dfc6e2c6a2d4569f411015c8d751c980d17a14b0530da2d7f27ffdd88e",
                "sha256:932fc826442132dde42ee52cf66d941f581c685a6313feebed358411238f60f9",
                "sha256:96d636c77af18b5cb664ddf12dab9b15a0cfe9c0bde715da38698c8cea748bfa",
                "sha256:97ddc94d46088304772d21b060041c97fc16bdda13c6c7f9d8fcd8d5ae0d8611",
                "sha256:98caba4476a6c8d59ec1eb00c7dd862ba9beca34085642d46ed503cc2d440d4b",
                "sha256:9901d36492009a0a9b94b20e52ebfc8453bf49bb2b27bca2c9706f8b4f5a554a",
                "sha256:99e266ae0b5d15f1ca8d278a668df6f51cc4b854513daab5cae695ed7b721cf8",
                "sha256:9c38bf15a40ccf5619fa2fe8f26106c7e8e080d7760aeccb3722664c8656b030",
                "sha256:a27801adef24cc30871da98a105f77995e13a25a505a0161911f6aafbd66e678",
                "sha256:abd3e72dd5b97e3af4246cdada7738ef0e608168de952b837b8dd7e90341f015",
                "sha256:adb697c0bd35100dc690de83154627fbab1f4f3c0386df266dded865fc50a902",
                "sha256:b12c6b18269ca471eedd41c1b6a1065b2f7827508edb9a7ed5555e9a56dcfc97",
                "sha256:b9389a429e0e5142e69d5bf4a435dd688c14478a19bb901735cdf75e57b13845",
                "sha256:ba9e7484d286cd5a43744e5f47b0b3fb457865baf07bafc6bee91896364e1419",
                "sha256:bb5555cff66c4d3d6213a296b360f9e1a8e323e74e0426b6c10ed7f4d021e464",
                "sha256:be57b6d56e49c2739cdf776839a92330e933dd5e5d929966fbbd380c77f060be",
                "sha256:c69e42c892c018cd3c8d90da61d845f50a8243062b19d228189b0224150018a9",
                "sha256:ccc660a77e1c2bf24ddbce969af9447a9474790160cfb23de6be4fa88e3951c7",
                "sha256:d5275455b3e4627c8e7154feaf7ee0743c2e7af82f6e3b561967b1cca755a0be",
                "sha256:d75cded8a3cff93da9edc31446872d2997e327921d8eed86641efafd350e1df1",
                "sha256:d872ec5aeb086cbea771c573600d47944eea2dcba8be5f3ee649bfe3cb8dc9ba",
                "sha256:d891c136b5b310d0e702e186d70cd16d1119ea8927347045124cb286b29297e5",
                "sha256:db1dab894cc139f67822a92910466531de5ea6034ddfd2b11c0d4c6257168073",
                "sha256:e28bf44afa2b187cc9f41749138a64435bf340adfcacb5b2290c070ce99839d4",
                "sha256:e5ea1cf0872ee455c03e5674b5bca5e3e68e159379c1af0903e89f5eba9ccc3a",
                "sha256:e77363e8425325384f9d49272c54045bbed2f478e9dd698dbc65dbc37860eb0a",
                "sha256:ee5defd1733fd6ec08b168bd4f5387d5b322f45ca9e0e6c817ea6c4cd36313e3",
                "sha256:f1592791f8204ae9166de22ba7e6705fa4ebd02936c09436a1bb85aabca3e599",
                "sha256:f2d1ec60d6d256bdf298cb86b78dd715980828f50c46701abc3b0a2b3f8a0dc0",
                "sha256:f3ca78518bc6bc92828cd11867b121891d75cae4ea9e908d72030609b996db1b",
                "sha256:f7b15f589593110ae767ce997775d645b47e5cbbf54fd322f8ebea6277466cec",
                "sha256:fd1213c86e48dfdc5a0cc676551db467495a95a662d2396ecd58e719191446e1",
                "sha256:ff74026a461eb0660366fb01c650c1d00f833a086b336bdad7ab00cc952072b3"
            ],
            "index": "pypi",
            "markers": "python_version >= '3.9'",
            "version": "==7.6.9"
        },
        "cssbeautifier": {
            "hashes": [
                "sha256:9f7064362aedd559c55eeecf6b6bed65e05f33488dcbe39044f0403c26e1c006"
            ],
            "version": "==1.15.1"
        },
        "django": {
            "hashes": [
                "sha256:236e023f021f5ce7dee5779de7b286565fdea5f4ab86bae5338e3f7b69896cf0",
                "sha256:de450c09e91879fa5a307f696e57c851955c910a438a35e6b4c895e86bedc82a"
            ],
            "index": "pypi",
            "markers": "python_version >= '3.10'",
            "version": "==5.1.4"
        },
        "django-debug-toolbar": {
            "hashes": [
                "sha256:36e421cb908c2f0675e07f9f41e3d1d8618dc386392ec82d23bcfcd5d29c7044",
                "sha256:3beb671c9ec44ffb817fad2780667f172bd1c067dbcabad6268ce39a81335f45"
            ],
            "index": "pypi",
            "markers": "python_version >= '3.8'",
            "version": "==4.4.6"
        },
        "djlint": {
            "hashes": [
                "sha256:01b2101c2d1b079e8d545e6d9d03487fcca14d2371e44cbfdedee15b0bf4567c",
                "sha256:080c98714b55d8f0fef5c42beaee8247ebb2e3d46b0936473bd6c47808bb6302",
                "sha256:0c05cd5b76785de2c41a2420c06ffd112800bfc0f9c0f399cc7cea7c42557f4c",
                "sha256:107cc56bbef13d60cc0ae774a4d52881bf98e37c02412e573827a3e549217e3a",
                "sha256:15cde63ef28beb5194ff4137883025f125676ece1b574b64a3e1c6daed734639",
                "sha256:2a9f51971d6e63c41ea9b3831c928e1f21ae6fe57e87a3452cfe672d10232433",
                "sha256:2ae7c620b58e16d6bf003bd7de3f71376a7a3daa79dc02e77f3726d5a75243f2",
                "sha256:32f7a5834000fff22e94d1d35f95aaf2e06f2af2cae18af0ed2a4e215d60e730",
                "sha256:36e102b80d83e9ac2e6be9a9ded32fb925945f6dbc7a7156e4415de1b0aa0dba",
                "sha256:3eb1b9c0be499e63e8822a051e7e55f188ff1ab8172a85d338a8ae21c872060e",
                "sha256:4c2e0dd1f26eb472b8c84eb70d6482877b6497a1fd031d7534864088f016d5ea",
                "sha256:76d32faf988ad58ef2e7a11d04046fc984b98391761bf1b61f9a6044da53d414",
                "sha256:8e2317a32094d525bc41cd11c8dc064bf38d1b442c99cc3f7c4a2616b5e6ce6e",
                "sha256:8e8bb0406e60cc696806aa6226df137618f3889c72f2dbdfa76c908c99151579",
                "sha256:95ef6b67ef7f2b90d9434bba37d572031079001dc8524add85c00ef0386bda1e",
                "sha256:9ac4b7370d80bd82281e57a470de8923ac494ffb571b89d8787cef57c738c69a",
                "sha256:a06b531ab9d049c46ad4d2365d1857004a1a9dd0c23c8eae94aa0d233c6ec00d",
                "sha256:d85735da34bc7ac93ad8ef9b4822cc2a23d5f0ce33f25438737b8dca1d404f78",
                "sha256:e155ce0970d4a28d0a2e9f2e106733a2ad05910eee90e056b056d48049e4a97b",
                "sha256:e66361a865e5e5a4bbcb40f56af7f256fd02cbf9d48b763a40172749cc294084",
                "sha256:e82266c28793cd15f97b93535d72bfbc77306eaaf6b210dd90910383a814ee6c",
                "sha256:f65a80e0b5cb13d357ea51ca6570b34c2d9d18974c1e57142de760ea27d49ed0"
            ],
            "index": "pypi",
            "markers": "python_version >= '3.9'",
            "version": "==1.36.3"
        },
        "editorconfig": {
            "hashes": [
                "sha256:8739052279699840065d3a9f5c125d7d5a98daeefe53b0e5274261d77cb49aa2",
                "sha256:fe491719c5f65959ec00b167d07740e7ffec9a3f362038c72b289330b9991dfc"
            ],
            "version": "==0.17.0"
        },
        "jsbeautifier": {
            "hashes": [
                "sha256:ebd733b560704c602d744eafc839db60a1ee9326e30a2a80c4adb8718adc1b24"
            ],
            "version": "==1.15.1"
        },
        "json5": {
            "hashes": [
                "sha256:19b23410220a7271e8377f81ba8aacba2fdd56947fbb137ee5977cbe1f5e8dfa",
                "sha256:e66941c8f0a02026943c52c2eb34ebeb2a6f819a0be05920a6f5243cd30fd559"
            ],
            "markers": "python_full_version >= '3.8.0'",
            "version": "==0.10.0"
        },
        "mypy-extensions": {
            "hashes": [
                "sha256:4392f6c0eb8a5668a69e23d168ffa70f0be9ccfd32b5cc2d26a34ae5b844552d",
                "sha256:75dbf8955dc00442a438fc4d0666508a9a97b6bd41aa2f0ffe9d2f2725af0782"
            ],
            "markers": "python_version >= '3.5'",
            "version": "==1.0.0"
        },
        "packaging": {
            "hashes": [
                "sha256:09abb1bccd265c01f4a3aa3f7a7db064b36514d2cba19a2f694fe6150451a759",
                "sha256:c228a6dc5e932d346bc5739379109d49e8853dd8223571c7c5b55260edc0b97f"
            ],
            "markers": "python_version >= '3.8'",
            "version": "==24.2"
        },
        "pathspec": {
            "hashes": [
                "sha256:a0d503e138a4c123b27490a4f7beda6a01c6f288df0e4a8b79c7eb0dc7b4cc08",
                "sha256:a482d51503a1ab33b1c67a6c3813a26953dbdc71c31dacaef9a838c4e29f5712"
            ],
            "markers": "python_version >= '3.8'",
            "version": "==0.12.1"
        },
        "platformdirs": {
            "hashes": [
                "sha256:357fb2acbc885b0419afd3ce3ed34564c13c9b95c89360cd9563f73aa5e2b907",
                "sha256:73e575e1408ab8103900836b97580d5307456908a03e92031bab39e4554cc3fb"
            ],
            "markers": "python_version >= '3.8'",
            "version": "==4.3.6"
        },
        "pyinstrument": {
            "hashes": [
                "sha256:02b2eaf38460b14eea646d6bb7f373eb5bb5691d13f788e80bdcb3a4eaa2519e",
                "sha256:03182ffaa9c91687cbaba80dc0c5a47015c5ea170fe642f632d88e885cf07356",
                "sha256:0bf4ef061d60befe72366ce0ed4c75dee5be089644de38f9936d2df0bcf44af0",
                "sha256:0c337190a1818841732643ba93065411591df526bc9de44b97ba8f56b581d2ef",
                "sha256:0c971566d86ba46a7233d3f5b0d85d7ee4c9863f541f5d8f796c3947ebe17f68",
                "sha256:144f98eb3086667ece461f66324bf1cc1ee0475b399ab3f9ded8449cc76b7c90",
                "sha256:197d25487f52da3f8ec26d46db7202bc5d703cc73c1503371166417eb7cea14e",
                "sha256:1a9b62a8b54e05e7723eb8b9595fadc43559b73290c87b3b1cb2dc5944559790",
                "sha256:1cc236313272d0222261be8e2b2a08e42d7ccbe54db9059babf4d77040da1880",
                "sha256:2478d2c55f77ad8e281e67b0dfe7c2176304bb824c307e86e11890f5e68d7feb",
                "sha256:2bbab65cae1483ad8a18429511d1eac9e3efec9f7961f2fd1bf90e1e2d69ef15",
                "sha256:39b60417c9c12eed04e1886644e92aa0b281d72e5d0b097b16253cade43110f7",
                "sha256:3b1f44a34da7810938df615fb7cbc43cd879b42ca6b5cd72e655aee92149d012",
                "sha256:40a8485c2e41082a20822001a6651667bb5327f6f5f6759987198593e45bb376",
                "sha256:429376235960179d6ab9b97e7871090059d39de160b4e3b2723672f30e8eea8e",
                "sha256:4351ad041d208c597e296a0e9c2e6e21cc96804608bcafa40cfa168f3c2b8f79",
                "sha256:4cecd0f6558f13fba74a9f036b2b168956206e9525dcb84c6add2d73ab61dc22",
                "sha256:4d3b2ec6e028731dbb2ba8cf06f19030162789e6696bca990a09519881ad42fb",
                "sha256:4fd94cc725efb1dd41ae8e20a5f06a6a5363dec959e8a9dacbac3f4d12d28f03",
                "sha256:5a39e3ef84c56183f8274dfd584b8c2fae4783c6204f880513e70ab2440b9137",
                "sha256:5d34c06e2276d1f549a540bccb063688ea3d876e6df7c391205f1c8b4b96d5c8",
                "sha256:5ed6f5873a7526ec5915e45d956d044334ef302653cf63649e48c41561aaa285",
                "sha256:68001dfcb8a37b624a1c3de5d2ee7d634f63eac7a6dd1357b7370a5cdbdcf567",
                "sha256:6a83cf18f5594e1b1899b12b46df7aabca556eef895846ccdaaa3a46a37d1274",
                "sha256:6dd685d68a31f3715ca61f82c37c1c2f8b75f45646bd9840e04681d91862bd85",
                "sha256:6f6bac8a434407de6f2ebddbcdecdb19b324c9315cbb8b8c2352714f7ced8181",
                "sha256:79a54def2d4aa83a4ed37c6cffc5494ae5de140f0453169eb4f7c744cc249d3a",
                "sha256:7bb389b6d1573361bd1367b296133c5c69184e35fc18db22e29e8cdf56f158f9",
                "sha256:7ccf4267aff62de0e1d976e8f5da25dcb69737ae86e38d3cfffa24877837e7d1",
                "sha256:7d87ddab66b1b3525ad3abc49a88aaa51efcaf83578e9d2a702c03a1cea39f28",
                "sha256:7e8dc887e535f5c5e5a2a64a0729496f11ddcef0c23b0a555d5ab6fa19759445",
                "sha256:80d2a248516f372a89e0fe9ddf4a9d6388a4c6481b6ebd3dfe01b3cd028c0275",
                "sha256:8284bf8847629c9a5054702b9306eab3ab14c2474959e01e606369ffbcf938bc",
                "sha256:83caeb4150c0334e9e290c0f9bb164ff6bdc199065ecb62016268e8a88589a51",
                "sha256:8599b4b0630c776b30fc3c4f7476d5e3814ee7fe42d99131644fe3c00b40fdf1",
                "sha256:8d2a7279ed9b6d7cdae247bc2e57095a32f35dfe32182c334ab0ac3eb02e0eac",
                "sha256:9538f746f166a40c8802ebe5c3e905d50f3faa189869cd71c083b8a639e574bb",
                "sha256:9e87d65bae7d0f5ef50908e35d67d43b7cc566909995cc99e91721bb49b4ea06",
                "sha256:9ffe938e63173ceb8ce7b6b309ce26c9d44d16f53c0162d89d6e706eb9e69802",
                "sha256:a072d928dc16a32e0f3d1e51726f4472a69d66d838ee1d1bf248737fd70b9415",
                "sha256:a164f3dae5c7db2faa501639659d64034cde8db62a4d6744712593a369bc8629",
                "sha256:a6294b7111348765ba4c311fc91821ed8b59c6690c4dab23aa7165a67da9e972",
                "sha256:a8bc688afa2a5368042a7cb56866d5a28fdff8f37a282f7be79b17cae042841b",
                "sha256:ae69478815edb3c63e7ebf82e1e13e38c3fb2bab833b1c013643c3475b1b8cf5",
                "sha256:b3050a4e7033103a13cfff9802680e2070a9173e1a258fa3f15a80b4eb9ee278",
                "sha256:b3938f063ee065e05826628dadf1fb32c7d26b22df4a945c22f7fe25ea1ba6a2",
                "sha256:b69ff982acf5ef2f4e0f32ce9b4b598f256faf88438f233ea3a72f1042707e5b",
                "sha256:bd953163616bc29c2ccb1e4c0e48ccdd11e0a97fc849da26bc362bba372019ba",
                "sha256:c2c7ae2c984879a645fce583bf3053b7e57495f60c1e158bb71ad7dfced1fbf1",
                "sha256:c2e3b4283f85232fd5818e2153e6798bceb39a8c3ccfaa22fae08faf554740b7",
                "sha256:c9052f548ec5ccecc50676fbf1a1d0b60bdbd3cd67630c5253099af049d1f0ad",
                "sha256:ceee5252f4580abec29bcc5c965453c217b0d387c412a5ffb8afdcda4e648feb",
                "sha256:d5c4c3cc6410ad5afe0e352a7fb09fb1ab85eb5676ec5ec8522123759d9cc68f",
                "sha256:ddaa3001c1b798ec9bf1266ef476bbc0834b74d547d531f5ed99e7d05ac5d81b",
                "sha256:dec3529a5351ea160baeef1ef2a6e28b1a7a7b3fb5e9863fae8de6da73d0f69a",
                "sha256:e0fdb9fe6f9c694940410dcc82e23a3fe2928114328efd35047fc0bb8a6c959f",
                "sha256:e57db06590f13657b2bce8c4d9cf8e9e2bd90bb729bcbbe421c531ba67ad7add",
                "sha256:f18990cc16b2e23b54738aa2f222863e1d36daaaec8f67b1613ddfa41f5b24db",
                "sha256:f3731412b5bfdcef8014518f145140c69384793e218863a33a39ccfe5fb42045",
                "sha256:fb1139d2822abff1cbf1c81c018341f573b7afa23a94ce74888a0f6f47828cbc",
                "sha256:fde075196c8a3b2be191b8da05b92ff909c78d308f82df56d01a8cfdd6da07b9"
            ],
            "index": "pypi",
            "markers": "python_version >= '3.8'",
            "version": "==5.0.0"
        },
        "pyyaml": {
            "hashes": [
                "sha256:01179a4a8559ab5de078078f37e5c1a30d76bb88519906844fd7bdea1b7729ff",
                "sha256:0833f8694549e586547b576dcfaba4a6b55b9e96098b36cdc7ebefe667dfed48",
                "sha256:0a9a2848a5b7feac301353437eb7d5957887edbf81d56e903999a75a3d743086",
                "sha256:0b69e4ce7a131fe56b7e4d770c67429700908fc0752af059838b1cfb41960e4e",
                "sha256:0ffe8360bab4910ef1b9e87fb812d8bc0a308b0d0eef8c8f44e0254ab3b07133",
                "sha256:11d8f3dd2b9c1207dcaf2ee0bbbfd5991f571186ec9cc78427ba5bd32afae4b5",
                "sha256:17e311b6c678207928d649faa7cb0d7b4c26a0ba73d41e99c4fff6b6c3276484",
                "sha256:1e2120ef853f59c7419231f3bf4e7021f1b936f6ebd222406c3b60212205d2ee",
                "sha256:1f71ea527786de97d1a0cc0eacd1defc0985dcf6b3f17bb77dcfc8c34bec4dc5",
                "sha256:23502f431948090f597378482b4812b0caae32c22213aecf3b55325e049a6c68",
                "sha256:24471b829b3bf607e04e88d79542a9d48bb037c2267d7927a874e6c205ca7e9a",
                "sha256:29717114e51c84ddfba879543fb232a6ed60086602313ca38cce623c1d62cfbf",
                "sha256:2e99c6826ffa974fe6e27cdb5ed0021786b03fc98e5ee3c5bfe1fd5015f42b99",
                "sha256:39693e1f8320ae4f43943590b49779ffb98acb81f788220ea932a6b6c51004d8",
                "sha256:3ad2a3decf9aaba3d29c8f537ac4b243e36bef957511b4766cb0057d32b0be85",
                "sha256:3b1fdb9dc17f5a7677423d508ab4f243a726dea51fa5e70992e59a7411c89d19",
                "sha256:41e4e3953a79407c794916fa277a82531dd93aad34e29c2a514c2c0c5fe971cc",
                "sha256:43fa96a3ca0d6b1812e01ced1044a003533c47f6ee8aca31724f78e93ccc089a",
                "sha256:50187695423ffe49e2deacb8cd10510bc361faac997de9efef88badc3bb9e2d1",
                "sha256:5ac9328ec4831237bec75defaf839f7d4564be1e6b25ac710bd1a96321cc8317",
                "sha256:5d225db5a45f21e78dd9358e58a98702a0302f2659a3c6cd320564b75b86f47c",
                "sha256:6395c297d42274772abc367baaa79683958044e5d3835486c16da75d2a694631",
                "sha256:688ba32a1cffef67fd2e9398a2efebaea461578b0923624778664cc1c914db5d",
                "sha256:68ccc6023a3400877818152ad9a1033e3db8625d899c72eacb5a668902e4d652",
                "sha256:70b189594dbe54f75ab3a1acec5f1e3faa7e8cf2f1e08d9b561cb41b845f69d5",
                "sha256:797b4f722ffa07cc8d62053e4cff1486fa6dc094105d13fea7b1de7d8bf71c9e",
                "sha256:7c36280e6fb8385e520936c3cb3b8042851904eba0e58d277dca80a5cfed590b",
                "sha256:7e7401d0de89a9a855c839bc697c079a4af81cf878373abd7dc625847d25cbd8",
                "sha256:80bab7bfc629882493af4aa31a4cfa43a4c57c83813253626916b8c7ada83476",
                "sha256:82d09873e40955485746739bcb8b4586983670466c23382c19cffecbf1fd8706",
                "sha256:8388ee1976c416731879ac16da0aff3f63b286ffdd57cdeb95f3f2e085687563",
                "sha256:8824b5a04a04a047e72eea5cec3bc266db09e35de6bdfe34c9436ac5ee27d237",
                "sha256:8b9c7197f7cb2738065c481a0461e50ad02f18c78cd75775628afb4d7137fb3b",
                "sha256:9056c1ecd25795207ad294bcf39f2db3d845767be0ea6e6a34d856f006006083",
                "sha256:936d68689298c36b53b29f23c6dbb74de12b4ac12ca6cfe0e047bedceea56180",
                "sha256:9b22676e8097e9e22e36d6b7bda33190d0d400f345f23d4065d48f4ca7ae0425",
                "sha256:a4d3091415f010369ae4ed1fc6b79def9416358877534caf6a0fdd2146c87a3e",
                "sha256:a8786accb172bd8afb8be14490a16625cbc387036876ab6ba70912730faf8e1f",
                "sha256:a9f8c2e67970f13b16084e04f134610fd1d374bf477b17ec1599185cf611d725",
                "sha256:bc2fa7c6b47d6bc618dd7fb02ef6fdedb1090ec036abab80d4681424b84c1183",
                "sha256:c70c95198c015b85feafc136515252a261a84561b7b1d51e3384e0655ddf25ab",
                "sha256:cc1c1159b3d456576af7a3e4d1ba7e6924cb39de8f67111c735f6fc832082774",
                "sha256:ce826d6ef20b1bc864f0a68340c8b3287705cae2f8b4b1d932177dcc76721725",
                "sha256:d584d9ec91ad65861cc08d42e834324ef890a082e591037abe114850ff7bbc3e",
                "sha256:d7fded462629cfa4b685c5416b949ebad6cec74af5e2d42905d41e257e0869f5",
                "sha256:d84a1718ee396f54f3a086ea0a66d8e552b2ab2017ef8b420e92edbc841c352d",
                "sha256:d8e03406cac8513435335dbab54c0d385e4a49e4945d2909a581c83647ca0290",
                "sha256:e10ce637b18caea04431ce14fabcf5c64a1c61ec9c56b071a4b7ca131ca52d44",
                "sha256:ec031d5d2feb36d1d1a24380e4db6d43695f3748343d99434e6f5f9156aaa2ed",
                "sha256:ef6107725bd54b262d6dedcc2af448a266975032bc85ef0172c5f059da6325b4",
                "sha256:efdca5630322a10774e8e98e1af481aad470dd62c3170801852d752aa7a783ba",
                "sha256:f753120cb8181e736c57ef7636e83f31b9c0d1722c516f7e86cf15b7aa57ff12",
                "sha256:ff3824dc5261f50c9b0dfb3be22b4567a6f938ccce4587b38952d85fd9e9afe4"
            ],
            "markers": "python_version >= '3.8'",
            "version": "==6.0.2"
        },
        "regex": {
            "hashes": [
                "sha256:02a02d2bb04fec86ad61f3ea7f49c015a0681bf76abb9857f945d26159d2968c",
                "sha256:02e28184be537f0e75c1f9b2f8847dc51e08e6e171c6bde130b2687e0c33cf60",
                "sha256:040df6fe1a5504eb0f04f048e6d09cd7c7110fef851d7c567a6b6e09942feb7d",
                "sha256:068376da5a7e4da51968ce4c122a7cd31afaaec4fccc7856c92f63876e57b51d",
                "sha256:06eb1be98df10e81ebaded73fcd51989dcf534e3c753466e4b60c4697a003b67",
                "sha256:072623554418a9911446278f16ecb398fb3b540147a7828c06e2011fa531e773",
                "sha256:086a27a0b4ca227941700e0b31425e7a28ef1ae8e5e05a33826e17e47fbfdba0",
                "sha256:08986dce1339bc932923e7d1232ce9881499a0e02925f7402fb7c982515419ef",
                "sha256:0a86e7eeca091c09e021db8eb72d54751e527fa47b8d5787caf96d9831bd02ad",
                "sha256:0c32f75920cf99fe6b6c539c399a4a128452eaf1af27f39bce8909c9a3fd8cbe",
                "sha256:0d7f453dca13f40a02b79636a339c5b62b670141e63efd511d3f8f73fba162b3",
                "sha256:1062b39a0a2b75a9c694f7a08e7183a80c63c0d62b301418ffd9c35f55aaa114",
                "sha256:13291b39131e2d002a7940fb176e120bec5145f3aeb7621be6534e46251912c4",
                "sha256:149f5008d286636e48cd0b1dd65018548944e495b0265b45e1bffecce1ef7f39",
                "sha256:164d8b7b3b4bcb2068b97428060b2a53be050085ef94eca7f240e7947f1b080e",
                "sha256:167ed4852351d8a750da48712c3930b031f6efdaa0f22fa1933716bfcd6bf4a3",
                "sha256:1c4de13f06a0d54fa0d5ab1b7138bfa0d883220965a29616e3ea61b35d5f5fc7",
                "sha256:202eb32e89f60fc147a41e55cb086db2a3f8cb82f9a9a88440dcfc5d37faae8d",
                "sha256:220902c3c5cc6af55d4fe19ead504de80eb91f786dc102fbd74894b1551f095e",
                "sha256:2b3361af3198667e99927da8b84c1b010752fa4b1115ee30beaa332cabc3ef1a",
                "sha256:2c89a8cc122b25ce6945f0423dc1352cb9593c68abd19223eebbd4e56612c5b7",
                "sha256:2d548dafee61f06ebdb584080621f3e0c23fff312f0de1afc776e2a2ba99a74f",
                "sha256:2e34b51b650b23ed3354b5a07aab37034d9f923db2a40519139af34f485f77d0",
                "sha256:32f9a4c643baad4efa81d549c2aadefaeba12249b2adc5af541759237eee1c54",
                "sha256:3a51ccc315653ba012774efca4f23d1d2a8a8f278a6072e29c7147eee7da446b",
                "sha256:3cde6e9f2580eb1665965ce9bf17ff4952f34f5b126beb509fee8f4e994f143c",
                "sha256:40291b1b89ca6ad8d3f2b82782cc33807f1406cf68c8d440861da6304d8ffbbd",
                "sha256:41758407fc32d5c3c5de163888068cfee69cb4c2be844e7ac517a52770f9af57",
                "sha256:4181b814e56078e9b00427ca358ec44333765f5ca1b45597ec7446d3a1ef6e34",
                "sha256:4f51f88c126370dcec4908576c5a627220da6c09d0bff31cfa89f2523843316d",
                "sha256:50153825ee016b91549962f970d6a4442fa106832e14c918acd1c8e479916c4f",
                "sha256:5056b185ca113c88e18223183aa1a50e66507769c9640a6ff75859619d73957b",
                "sha256:5071b2093e793357c9d8b2929dfc13ac5f0a6c650559503bb81189d0a3814519",
                "sha256:525eab0b789891ac3be914d36893bdf972d483fe66551f79d3e27146191a37d4",
                "sha256:52fb28f528778f184f870b7cf8f225f5eef0a8f6e3778529bdd40c7b3920796a",
                "sha256:5478c6962ad548b54a591778e93cd7c456a7a29f8eca9c49e4f9a806dcc5d638",
                "sha256:5670bce7b200273eee1840ef307bfa07cda90b38ae56e9a6ebcc9f50da9c469b",
                "sha256:5704e174f8ccab2026bd2f1ab6c510345ae8eac818b613d7d73e785f1310f839",
                "sha256:59dfe1ed21aea057a65c6b586afd2a945de04fc7db3de0a6e3ed5397ad491b07",
                "sha256:5e7e351589da0850c125f1600a4c4ba3c722efefe16b297de54300f08d734fbf",
                "sha256:63b13cfd72e9601125027202cad74995ab26921d8cd935c25f09c630436348ff",
                "sha256:658f90550f38270639e83ce492f27d2c8d2cd63805c65a13a14d36ca126753f0",
                "sha256:684d7a212682996d21ca12ef3c17353c021fe9de6049e19ac8481ec35574a70f",
                "sha256:69ab78f848845569401469da20df3e081e6b5a11cb086de3eed1d48f5ed57c95",
                "sha256:6f44ec28b1f858c98d3036ad5d7d0bfc568bdd7a74f9c24e25f41ef1ebfd81a4",
                "sha256:70b7fa6606c2881c1db9479b0eaa11ed5dfa11c8d60a474ff0e095099f39d98e",
                "sha256:764e71f22ab3b305e7f4c21f1a97e1526a25ebdd22513e251cf376760213da13",
                "sha256:7ab159b063c52a0333c884e4679f8d7a85112ee3078fe3d9004b2dd875585519",
                "sha256:805e6b60c54bf766b251e94526ebad60b7de0c70f70a4e6210ee2891acb70bf2",
                "sha256:8447d2d39b5abe381419319f942de20b7ecd60ce86f16a23b0698f22e1b70008",
                "sha256:86fddba590aad9208e2fa8b43b4c098bb0ec74f15718bb6a704e3c63e2cef3e9",
                "sha256:89d75e7293d2b3e674db7d4d9b1bee7f8f3d1609428e293771d1a962617150cc",
                "sha256:93c0b12d3d3bc25af4ebbf38f9ee780a487e8bf6954c115b9f015822d3bb8e48",
                "sha256:94d87b689cdd831934fa3ce16cc15cd65748e6d689f5d2b8f4f4df2065c9fa20",
                "sha256:9714398225f299aa85267fd222f7142fcb5c769e73d7733344efc46f2ef5cf89",
                "sha256:982e6d21414e78e1f51cf595d7f321dcd14de1f2881c5dc6a6e23bbbbd68435e",
                "sha256:997d6a487ff00807ba810e0f8332c18b4eb8d29463cfb7c820dc4b6e7562d0cf",
                "sha256:a03e02f48cd1abbd9f3b7e3586d97c8f7a9721c436f51a5245b3b9483044480b",
                "sha256:a36fdf2af13c2b14738f6e973aba563623cb77d753bbbd8d414d18bfaa3105dd",
                "sha256:a6ba92c0bcdf96cbf43a12c717eae4bc98325ca3730f6b130ffa2e3c3c723d84",
                "sha256:a7c2155f790e2fb448faed6dd241386719802296ec588a8b9051c1f5c481bc29",
                "sha256:a93c194e2df18f7d264092dc8539b8ffb86b45b899ab976aa15d48214138e81b",
                "sha256:abfa5080c374a76a251ba60683242bc17eeb2c9818d0d30117b4486be10c59d3",
                "sha256:ac10f2c4184420d881a3475fb2c6f4d95d53a8d50209a2500723d831036f7c45",
                "sha256:ad182d02e40de7459b73155deb8996bbd8e96852267879396fb274e8700190e3",
                "sha256:b2837718570f95dd41675328e111345f9b7095d821bac435aac173ac80b19983",
                "sha256:b489578720afb782f6ccf2840920f3a32e31ba28a4b162e13900c3e6bd3f930e",
                "sha256:b583904576650166b3d920d2bcce13971f6f9e9a396c673187f49811b2769dc7",
                "sha256:b85c2530be953a890eaffde05485238f07029600e8f098cdf1848d414a8b45e4",
                "sha256:b97c1e0bd37c5cd7902e65f410779d39eeda155800b65fc4d04cc432efa9bc6e",
                "sha256:ba9b72e5643641b7d41fa1f6d5abda2c9a263ae835b917348fc3c928182ad467",
                "sha256:bb26437975da7dc36b7efad18aa9dd4ea569d2357ae6b783bf1118dabd9ea577",
                "sha256:bb8f74f2f10dbf13a0be8de623ba4f9491faf58c24064f32b65679b021ed0001",
                "sha256:bde01f35767c4a7899b7eb6e823b125a64de314a8ee9791367c9a34d56af18d0",
                "sha256:bec9931dfb61ddd8ef2ebc05646293812cb6b16b60cf7c9511a832b6f1854b55",
                "sha256:c36f9b6f5f8649bb251a5f3f66564438977b7ef8386a52460ae77e6070d309d9",
                "sha256:cdf58d0e516ee426a48f7b2c03a332a4114420716d55769ff7108c37a09951bf",
                "sha256:d1cee317bfc014c2419a76bcc87f071405e3966da434e03e13beb45f8aced1a6",
                "sha256:d22326fcdef5e08c154280b71163ced384b428343ae16a5ab2b3354aed12436e",
                "sha256:d3660c82f209655a06b587d55e723f0b813d3a7db2e32e5e7dc64ac2a9e86fde",
                "sha256:da8f5fc57d1933de22a9e23eec290a0d8a5927a5370d24bda9a6abe50683fe62",
                "sha256:df951c5f4a1b1910f1a99ff42c473ff60f8225baa1cdd3539fe2819d9543e9df",
                "sha256:e5364a4502efca094731680e80009632ad6624084aff9a23ce8c8c6820de3e51",
                "sha256:ea1bfda2f7162605f6e8178223576856b3d791109f15ea99a9f95c16a7636fb5",
                "sha256:f02f93b92358ee3f78660e43b4b0091229260c5d5c408d17d60bf26b6c900e86",
                "sha256:f056bf21105c2515c32372bbc057f43eb02aae2fda61052e2f7622c801f0b4e2",
                "sha256:f1ac758ef6aebfc8943560194e9fd0fa18bcb34d89fd8bd2af18183afd8da3a2",
                "sha256:f2a19f302cd1ce5dd01a9099aaa19cae6173306d1302a43b627f62e21cf18ac0",
                "sha256:f654882311409afb1d780b940234208a252322c24a93b442ca714d119e68086c",
                "sha256:f65557897fc977a44ab205ea871b690adaef6b9da6afda4790a2484b04293a5f",
                "sha256:f9d1e379028e0fc2ae3654bac3cbbef81bf3fd571272a42d56c24007979bafb6",
                "sha256:fdabbfc59f2c6edba2a6622c647b716e34e8e3867e0ab975412c5c2f79b82da2",
                "sha256:fdd6028445d2460f33136c55eeb1f601ab06d74cb3347132e1c24250187500d9",
                "sha256:ff590880083d60acc0433f9c3f713c51f7ac6ebb9adf889c79a261ecf541aa91"
            ],
            "markers": "python_version >= '3.8'",
            "version": "==2024.11.6"
        },
        "ruff": {
            "hashes": [
                "sha256:0d5f89f254836799af1615798caa5f80b7f935d7a670fad66c5007928e57ace8",
                "sha256:13e9ec6d6b55f6da412d59953d65d66e760d583dd3c1c72bf1f26435b5bfdbae",
                "sha256:552fb6d861320958ca5e15f28b20a3d071aa83b93caee33a87b471f99a6c0835",
                "sha256:58072f0c06080276804c6a4e21a9045a706584a958e644353603d36ca1eb8a60",
                "sha256:6ddf5d654ac0d44389f6bf05cee4caeefc3132a64b58ea46738111d687352296",
                "sha256:736272574e97157f7edbbb43b1d046125fce9e7d8d583d5d65d0c9bf2c15addf",
                "sha256:8ef06f66f4a05c3ddbc9121a8b0cecccd92c5bf3dd43b5472ffe40b8ca10f0f8",
                "sha256:9183dd615d8df50defa8b1d9a074053891ba39025cf5ae88e8bcb52edcc4bf08",
                "sha256:97d9aefef725348ad77d6db98b726cfdb075a40b936c7984088804dfd38268a7",
                "sha256:9f8402b7c4f96463f135e936d9ab77b65711fcd5d72e5d67597b543bbb43cf3f",
                "sha256:ab78e33325a6f5374e04c2ab924a3367d69a0da36f8c9cb6b894a62017506111",
                "sha256:bf197b98ed86e417412ee3b6c893f44c8864f816451441483253d5ff22c0e81e",
                "sha256:c41319b85faa3aadd4d30cb1cffdd9ac6b89704ff79f7664b853785b48eccdf3",
                "sha256:e248b1f0fa2749edd3350a2a342b67b43a2627434c059a063418e3d375cfe643",
                "sha256:e4e56b3baa9c23d324ead112a4fdf20db9a3f8f29eeabff1355114dd96014604",
                "sha256:e5fe710ab6061592521f902fca7ebcb9fabd27bc7c57c764298b1c1f15fff720",
                "sha256:f21a1143776f8656d7f364bd264a9d60f01b7f52243fbe90e7670c0dfe0cf65d",
                "sha256:ffb60904651c00a1e0b8df594591770018a0f04587f7deeb3838344fe3adabac"
            ],
            "index": "pypi",
            "markers": "python_version >= '3.7'",
            "version": "==0.8.4"
        },
        "six": {
            "hashes": [
                "sha256:4721f391ed90541fddacab5acf947aa0d3dc7d27b2e1e8eda2be8970586c3274",
                "sha256:ff70335d468e7eb6ec65b95b99d3a2836546063f63acc5171de367e834932a81"
            ],
            "markers": "python_version >= '2.7' and python_version not in '3.0, 3.1, 3.2'",
            "version": "==1.17.0"
        },
        "sqlparse": {
            "hashes": [
                "sha256:09f67787f56a0b16ecdbde1bfc7f5d9c3371ca683cfeaa8e6ff60b4807ec9272",
                "sha256:cf2196ed3418f3ba5de6af7e82c694a9fbdbfecccdfc72e281548517081f16ca"
            ],
            "markers": "python_version >= '3.8'",
            "version": "==0.5.3"
        },
        "tblib": {
            "hashes": [
                "sha256:80a6c77e59b55e83911e1e607c649836a69c103963c5f28a46cbeef44acf8129",
                "sha256:93622790a0a29e04f0346458face1e144dc4d32f493714c6c3dff82a4adb77e6"
            ],
            "index": "pypi",
            "markers": "python_version >= '3.8'",
            "version": "==3.0.0"
        },
        "tqdm": {
            "hashes": [
                "sha256:26445eca388f82e72884e0d580d5464cd801a3ea01e63e5601bdff9ba6a48de2",
                "sha256:f8aef9c52c08c13a65f30ea34f4e5aac3fd1a34959879d7e59e63027286627f2"
            ],
            "markers": "python_version >= '3.7'",
            "version": "==4.67.1"
        }
    }
}
